
Microsoft Visual Studio Solution File, Format Version 12.00
# Visual Studio Version 16
VisualStudioVersion = 16.0.31321.278
MinimumVisualStudioVersion = 10.0.40219.1
Project("{FAE04EC0-301F-11D3-BF4B-00C04F79EFBC}") = "Repeat", "Repeat\Repeat.csproj", "{5C064D57-B492-4779-A839-E2065C267402}"
EndProject
Global
	GlobalSection(SolutionConfigurationPlatforms) = preSolution
		Debug|Any CPU = Debug|Any CPU
		Release|Any CPU = Release|Any CPU
	EndGlobalSection
	GlobalSection(ProjectConfigurationPlatforms) = postSolution
		{5C064D57-B492-4779-A839-E2065C267402}.Debug|Any CPU.ActiveCfg = Debug|Any CPU
		{5C064D57-B492-4779-A839-E2065C267402}.Debug|Any CPU.Build.0 = Debug|Any CPU
		{5C064D57-B492-4779-A839-E2065C267402}.Release|Any CPU.ActiveCfg = Release|Any CPU
		{5C064D57-B492-4779-A839-E2065C267402}.Release|Any CPU.Build.0 = Release|Any CPU
	EndGlobalSection
	GlobalSection(SolutionProperties) = preSolution
		HideSolutionNode = FALSE
	EndGlobalSection
	GlobalSection(ExtensibilityGlobals) = postSolution
		SolutionGuid = {2C459F75-8D0B-418A-8539-DA23F400DEB5}
	EndGlobalSection
EndGlobal
